
Microsoft Visual Studio Solution File, Format Version 12.00
# Visual Studio Version 17
VisualStudioVersion = 17.8.34322.80
MinimumVisualStudioVersion = 10.0.40219.1
Project("{FAE04EC0-301F-11D3-BF4B-00C04F79EFBC}") = "Seasons", "Seasons.csproj", "{076E7E5F-9182-41E5-A76B-5C051D6B3957}"
EndProject
Global
	GlobalSection(SolutionConfigurationPlatforms) = preSolution
		Debug|Any CPU = Debug|Any CPU
		Release|Any CPU = Release|Any CPU
	EndGlobalSection
	GlobalSection(ProjectConfigurationPlatforms) = postSolution
		{076E7E5F-9182-41E5-A76B-5C051D6B3957}.Debug|Any CPU.ActiveCfg = Debug|Any CPU
		{076E7E5F-9182-41E5-A76B-5C051D6B3957}.Debug|Any CPU.Build.0 = Debug|Any CPU
		{076E7E5F-9182-41E5-A76B-5C051D6B3957}.Release|Any CPU.ActiveCfg = Release|Any CPU
		{076E7E5F-9182-41E5-A76B-5C051D6B3957}.Release|Any CPU.Build.0 = Release|Any CPU
	EndGlobalSection
	GlobalSection(SolutionProperties) = preSolution
		HideSolutionNode = FALSE
	EndGlobalSection
	GlobalSection(ExtensibilityGlobals) = postSolution
		SolutionGuid = {758253DF-6552-4C00-8C8E-A664370482F1}
	EndGlobalSection
EndGlobal
